# This file is generated by running "yarn install" inside your project.
# Manual changes might be lost - proceed with caution!

__metadata:
  version: 6
  cacheKey: 8

"@esbuild/android-arm64@npm:0.17.16":
  version: 0.17.16
  resolution: "@esbuild/android-arm64@npm:0.17.16"
  conditions: os=android & cpu=arm64
  languageName: node
  linkType: hard

"@esbuild/android-arm@npm:0.17.16":
  version: 0.17.16
  resolution: "@esbuild/android-arm@npm:0.17.16"
  conditions: os=android & cpu=arm
  languageName: node
  linkType: hard

"@esbuild/android-x64@npm:0.17.16":
  version: 0.17.16
  resolution: "@esbuild/android-x64@npm:0.17.16"
  conditions: os=android & cpu=x64
  languageName: node
  linkType: hard

"@esbuild/darwin-arm64@npm:0.17.16":
  version: 0.17.16
  resolution: "@esbuild/darwin-arm64@npm:0.17.16"
  conditions: os=darwin & cpu=arm64
  languageName: node
  linkType: hard

"@esbuild/darwin-x64@npm:0.17.16":
  version: 0.17.16
  resolution: "@esbuild/darwin-x64@npm:0.17.16"
  conditions: os=darwin & cpu=x64
  languageName: node
  linkType: hard

"@esbuild/freebsd-arm64@npm:0.17.16":
  version: 0.17.16
  resolution: "@esbuild/freebsd-arm64@npm:0.17.16"
  conditions: os=freebsd & cpu=arm64
  languageName: node
  linkType: hard

"@esbuild/freebsd-x64@npm:0.17.16":
  version: 0.17.16
  resolution: "@esbuild/freebsd-x64@npm:0.17.16"
  conditions: os=freebsd & cpu=x64
  languageName: node
  linkType: hard

"@esbuild/linux-arm64@npm:0.17.16":
  version: 0.17.16
  resolution: "@esbuild/linux-arm64@npm:0.17.16"
  conditions: os=linux & cpu=arm64
  languageName: node
  linkType: hard

"@esbuild/linux-arm@npm:0.17.16":
  version: 0.17.16
  resolution: "@esbuild/linux-arm@npm:0.17.16"
  conditions: os=linux & cpu=arm
  languageName: node
  linkType: hard

"@esbuild/linux-ia32@npm:0.17.16":
  version: 0.17.16
  resolution: "@esbuild/linux-ia32@npm:0.17.16"
  conditions: os=linux & cpu=ia32
  languageName: node
  linkType: hard

"@esbuild/linux-loong64@npm:0.17.16":
  version: 0.17.16
  resolution: "@esbuild/linux-loong64@npm:0.17.16"
  conditions: os=linux & cpu=loong64
  languageName: node
  linkType: hard

"@esbuild/linux-mips64el@npm:0.17.16":
  version: 0.17.16
  resolution: "@esbuild/linux-mips64el@npm:0.17.16"
  conditions: os=linux & cpu=mips64el
  languageName: node
  linkType: hard

"@esbuild/linux-ppc64@npm:0.17.16":
  version: 0.17.16
  resolution: "@esbuild/linux-ppc64@npm:0.17.16"
  conditions: os=linux & cpu=ppc64
  languageName: node
  linkType: hard

"@esbuild/linux-riscv64@npm:0.17.16":
  version: 0.17.16
  resolution: "@esbuild/linux-riscv64@npm:0.17.16"
  conditions: os=linux & cpu=riscv64
  languageName: node
  linkType: hard

"@esbuild/linux-s390x@npm:0.17.16":
  version: 0.17.16
  resolution: "@esbuild/linux-s390x@npm:0.17.16"
  conditions: os=linux & cpu=s390x
  languageName: node
  linkType: hard

"@esbuild/linux-x64@npm:0.17.16":
  version: 0.17.16
  resolution: "@esbuild/linux-x64@npm:0.17.16"
  conditions: os=linux & cpu=x64
  languageName: node
  linkType: hard

"@esbuild/netbsd-x64@npm:0.17.16":
  version: 0.17.16
  resolution: "@esbuild/netbsd-x64@npm:0.17.16"
  conditions: os=netbsd & cpu=x64
  languageName: node
  linkType: hard

"@esbuild/openbsd-x64@npm:0.17.16":
  version: 0.17.16
  resolution: "@esbuild/openbsd-x64@npm:0.17.16"
  conditions: os=openbsd & cpu=x64
  languageName: node
  linkType: hard

"@esbuild/sunos-x64@npm:0.17.16":
  version: 0.17.16
  resolution: "@esbuild/sunos-x64@npm:0.17.16"
  conditions: os=sunos & cpu=x64
  languageName: node
  linkType: hard

"@esbuild/win32-arm64@npm:0.17.16":
  version: 0.17.16
  resolution: "@esbuild/win32-arm64@npm:0.17.16"
  conditions: os=win32 & cpu=arm64
  languageName: node
  linkType: hard

"@esbuild/win32-ia32@npm:0.17.16":
  version: 0.17.16
  resolution: "@esbuild/win32-ia32@npm:0.17.16"
  conditions: os=win32 & cpu=ia32
  languageName: node
  linkType: hard

"@esbuild/win32-x64@npm:0.17.16":
  version: 0.17.16
  resolution: "@esbuild/win32-x64@npm:0.17.16"
  conditions: os=win32 & cpu=x64
  languageName: node
  linkType: hard

"@microsoft/signalr@npm:^7.0.5":
  version: 7.0.5
  resolution: "@microsoft/signalr@npm:7.0.5"
  dependencies:
    abort-controller: ^3.0.0
    eventsource: ^2.0.2
    fetch-cookie: ^2.0.3
    node-fetch: ^2.6.7
    ws: ^7.4.5
  checksum: 845e6dde0786a093385078b2827c3e47a3c640148ce069cb390e4b84b99e88b748085f4e11fdb31b5bae518831ab97962f93cd113a56a087c6834f172766e29a
  languageName: node
  linkType: hard

"abort-controller@npm:^3.0.0":
  version: 3.0.0
  resolution: "abort-controller@npm:3.0.0"
  dependencies:
    event-target-shim: ^5.0.0
  checksum: 170bdba9b47b7e65906a28c8ce4f38a7a369d78e2271706f020849c1bfe0ee2067d4261df8bbb66eb84f79208fd5b710df759d64191db58cfba7ce8ef9c54b75
  languageName: node
  linkType: hard

"esbuild@npm:^0.17.16":
  version: 0.17.16
  resolution: "esbuild@npm:0.17.16"
  dependencies:
    "@esbuild/android-arm": 0.17.16
    "@esbuild/android-arm64": 0.17.16
    "@esbuild/android-x64": 0.17.16
    "@esbuild/darwin-arm64": 0.17.16
    "@esbuild/darwin-x64": 0.17.16
    "@esbuild/freebsd-arm64": 0.17.16
    "@esbuild/freebsd-x64": 0.17.16
    "@esbuild/linux-arm": 0.17.16
    "@esbuild/linux-arm64": 0.17.16
    "@esbuild/linux-ia32": 0.17.16
    "@esbuild/linux-loong64": 0.17.16
    "@esbuild/linux-mips64el": 0.17.16
    "@esbuild/linux-ppc64": 0.17.16
    "@esbuild/linux-riscv64": 0.17.16
    "@esbuild/linux-s390x": 0.17.16
    "@esbuild/linux-x64": 0.17.16
    "@esbuild/netbsd-x64": 0.17.16
    "@esbuild/openbsd-x64": 0.17.16
    "@esbuild/sunos-x64": 0.17.16
    "@esbuild/win32-arm64": 0.17.16
    "@esbuild/win32-ia32": 0.17.16
    "@esbuild/win32-x64": 0.17.16
  dependenciesMeta:
    "@esbuild/android-arm":
      optional: true
    "@esbuild/android-arm64":
      optional: true
    "@esbuild/android-x64":
      optional: true
    "@esbuild/darwin-arm64":
      optional: true
    "@esbuild/darwin-x64":
      optional: true
    "@esbuild/freebsd-arm64":
      optional: true
    "@esbuild/freebsd-x64":
      optional: true
    "@esbuild/linux-arm":
      optional: true
    "@esbuild/linux-arm64":
      optional: true
    "@esbuild/linux-ia32":
      optional: true
    "@esbuild/linux-loong64":
      optional: true
    "@esbuild/linux-mips64el":
      optional: true
    "@esbuild/linux-ppc64":
      optional: true
    "@esbuild/linux-riscv64":
      optional: true
    "@esbuild/linux-s390x":
      optional: true
    "@esbuild/linux-x64":
      optional: true
    "@esbuild/netbsd-x64":
      optional: true
    "@esbuild/openbsd-x64":
      optional: true
    "@esbuild/sunos-x64":
      optional: true
    "@esbuild/win32-arm64":
      optional: true
    "@esbuild/win32-ia32":
      optional: true
    "@esbuild/win32-x64":
      optional: true
  bin:
    esbuild: bin/esbuild
  checksum: c9787d8e05b9c4f762761be31a7847b5b4492b9b997808b7098479fef9a3260f1b8ca01e9b38376b6698f4394bfe088acb4f797a697b45b965cd664e103aafa7
  languageName: node
  linkType: hard

"event-target-shim@npm:^5.0.0":
  version: 5.0.1
  resolution: "event-target-shim@npm:5.0.1"
  checksum: 1ffe3bb22a6d51bdeb6bf6f7cf97d2ff4a74b017ad12284cc9e6a279e727dc30a5de6bb613e5596ff4dc3e517841339ad09a7eec44266eccb1aa201a30448166
  languageName: node
  linkType: hard

"eventsource@npm:^2.0.2":
  version: 2.0.2
  resolution: "eventsource@npm:2.0.2"
  checksum: c0072d972753e10c705d9b2285b559184bf29d011bc208973dde9c8b6b8b7b6fdad4ef0846cecb249f7b1585e860fdf324cbd2ac854a76bc53649e797496e99a
  languageName: node
  linkType: hard

"fetch-cookie@npm:^2.0.3":
  version: 2.1.0
  resolution: "fetch-cookie@npm:2.1.0"
  dependencies:
    set-cookie-parser: ^2.4.8
    tough-cookie: ^4.0.0
  checksum: d9d6b1e1ef75c0c72258edbf6fe4f7f39e36b17d0f52c37cc2f9fffe97a36134f43fefcaaff5ab78055e481e2929e626e158e381b91b1f11c8f85caf10b271aa
  languageName: node
  linkType: hard

"node-fetch@npm:^2.6.7":
  version: 2.6.9
  resolution: "node-fetch@npm:2.6.9"
  dependencies:
    whatwg-url: ^5.0.0
  peerDependencies:
    encoding: ^0.1.0
  peerDependenciesMeta:
    encoding:
      optional: true
  checksum: acb04f9ce7224965b2b59e71b33c639794d8991efd73855b0b250921382b38331ffc9d61bce502571f6cc6e11a8905ca9b1b6d4aeb586ab093e2756a1fd190d0
  languageName: node
  linkType: hard

"psl@npm:^1.1.33":
  version: 1.9.0
  resolution: "psl@npm:1.9.0"
  checksum: 20c4277f640c93d393130673f392618e9a8044c6c7bf61c53917a0fddb4952790f5f362c6c730a9c32b124813e173733f9895add8d26f566ed0ea0654b2e711d
  languageName: node
  linkType: hard

"punycode@npm:^2.1.1":
  version: 2.3.0
  resolution: "punycode@npm:2.3.0"
  checksum: 39f760e09a2a3bbfe8f5287cf733ecdad69d6af2fe6f97ca95f24b8921858b91e9ea3c9eeec6e08cede96181b3bb33f95c6ffd8c77e63986508aa2e8159fa200
  languageName: node
  linkType: hard

"querystringify@npm:^2.1.1":
  version: 2.2.0
  resolution: "querystringify@npm:2.2.0"
  checksum: 5641ea231bad7ef6d64d9998faca95611ed4b11c2591a8cae741e178a974f6a8e0ebde008475259abe1621cb15e692404e6b6626e927f7b849d5c09392604b15
  languageName: node
  linkType: hard

"requires-port@npm:^1.0.0":
  version: 1.0.0
  resolution: "requires-port@npm:1.0.0"
  checksum: eee0e303adffb69be55d1a214e415cf42b7441ae858c76dfc5353148644f6fd6e698926fc4643f510d5c126d12a705e7c8ed7e38061113bdf37547ab356797ff
  languageName: node
  linkType: hard

"set-cookie-parser@npm:^2.4.8":
  version: 2.6.0
  resolution: "set-cookie-parser@npm:2.6.0"
  checksum: bf11ebc594c53d84588f1b4c04f1b8ce14e0498b1c011b3d76b5c6d5aac481bbc3f7c5260ec4ce99bdc1d9aed19f9fc315e73166a36ca74d0f12349a73f6bdc9
  languageName: node
  linkType: hard

"signalr-esbuild-issue@workspace:.":
  version: 0.0.0-use.local
  resolution: "signalr-esbuild-issue@workspace:."
  dependencies:
    "@microsoft/signalr": ^7.0.5
    esbuild: ^0.17.16
  languageName: unknown
  linkType: soft

"tough-cookie@npm:^4.0.0":
  version: 4.1.2
  resolution: "tough-cookie@npm:4.1.2"
  dependencies:
    psl: ^1.1.33
    punycode: ^2.1.1
    universalify: ^0.2.0
    url-parse: ^1.5.3
  checksum: a7359e9a3e875121a84d6ba40cc184dec5784af84f67f3a56d1d2ae39b87c0e004e6ba7c7331f9622a7d2c88609032473488b28fe9f59a1fec115674589de39a
  languageName: node
  linkType: hard

"tr46@npm:~0.0.3":
  version: 0.0.3
  resolution: "tr46@npm:0.0.3"
  checksum: 726321c5eaf41b5002e17ffbd1fb7245999a073e8979085dacd47c4b4e8068ff5777142fc6726d6ca1fd2ff16921b48788b87225cbc57c72636f6efa8efbffe3
  languageName: node
  linkType: hard

"universalify@npm:^0.2.0":
  version: 0.2.0
  resolution: "universalify@npm:0.2.0"
  checksum: e86134cb12919d177c2353196a4cc09981524ee87abf621f7bc8d249dbbbebaec5e7d1314b96061497981350df786e4c5128dbf442eba104d6e765bc260678b5
  languageName: node
  linkType: hard

"url-parse@npm:^1.5.3":
  version: 1.5.10
  resolution: "url-parse@npm:1.5.10"
  dependencies:
    querystringify: ^2.1.1
    requires-port: ^1.0.0
  checksum: fbdba6b1d83336aca2216bbdc38ba658d9cfb8fc7f665eb8b17852de638ff7d1a162c198a8e4ed66001ddbf6c9888d41e4798912c62b4fd777a31657989f7bdf
  languageName: node
  linkType: hard

"webidl-conversions@npm:^3.0.0":
  version: 3.0.1
  resolution: "webidl-conversions@npm:3.0.1"
  checksum: c92a0a6ab95314bde9c32e1d0a6dfac83b578f8fa5f21e675bc2706ed6981bc26b7eb7e6a1fab158e5ce4adf9caa4a0aee49a52505d4d13c7be545f15021b17c
  languageName: node
  linkType: hard

"whatwg-url@npm:^5.0.0":
  version: 5.0.0
  resolution: "whatwg-url@npm:5.0.0"
  dependencies:
    tr46: ~0.0.3
    webidl-conversions: ^3.0.0
  checksum: b8daed4ad3356cc4899048a15b2c143a9aed0dfae1f611ebd55073310c7b910f522ad75d727346ad64203d7e6c79ef25eafd465f4d12775ca44b90fa82ed9e2c
  languageName: node
  linkType: hard

"ws@npm:^7.4.5":
  version: 7.5.9
  resolution: "ws@npm:7.5.9"
  peerDependencies:
    bufferutil: ^4.0.1
    utf-8-validate: ^5.0.2
  peerDependenciesMeta:
    bufferutil:
      optional: true
    utf-8-validate:
      optional: true
  checksum: c3c100a181b731f40b7f2fddf004aa023f79d64f489706a28bc23ff88e87f6a64b3c6651fbec3a84a53960b75159574d7a7385709847a62ddb7ad6af76f49138
  languageName: node
  linkType: hard
